
Microsoft Visual Studio Solution File, Format Version 12.00
# Visual Studio Version 17
VisualStudioVersion = 17.7.34024.191
MinimumVisualStudioVersion = 10.0.40219.1
Project("{FAE04EC0-301F-11D3-BF4B-00C04F79EFBC}") = "T3_sts_adj", "T3_sts_adj\T3_sts_adj.csproj", "{C24D8B08-46DE-4CEF-80C0-4DA7CE31CE10}"
EndProject
Global
	GlobalSection(SolutionConfigurationPlatforms) = preSolution
		Debug|Any CPU = Debug|Any CPU
		Release|Any CPU = Release|Any CPU
	EndGlobalSection
	GlobalSection(ProjectConfigurationPlatforms) = postSolution
		{C24D8B08-46DE-4CEF-80C0-4DA7CE31CE10}.Debug|Any CPU.ActiveCfg = Debug|Any CPU
		{C24D8B08-46DE-4CEF-80C0-4DA7CE31CE10}.Debug|Any CPU.Build.0 = Debug|Any CPU
		{C24D8B08-46DE-4CEF-80C0-4DA7CE31CE10}.Release|Any CPU.ActiveCfg = Release|Any CPU
		{C24D8B08-46DE-4CEF-80C0-4DA7CE31CE10}.Release|Any CPU.Build.0 = Release|Any CPU
	EndGlobalSection
	GlobalSection(SolutionProperties) = preSolution
		HideSolutionNode = FALSE
	EndGlobalSection
	GlobalSection(ExtensibilityGlobals) = postSolution
		SolutionGuid = {167F9EA2-D1BE-44F4-BE9E-5CC01748164D}
	EndGlobalSection
EndGlobal
